// !$*UTF8*$!
{
	archiveVersion = 1;
	classes = {
	};
	objectVersion = 46;
	objects = {

/* Begin PBXBuildFile section */
		0A62BB712938C1EC0092E47D /* Wallet.swift in Sources */ = {isa = PBXBuildFile; fileRef = 0A62BB702938C1EC0092E47D /* Wallet.swift */; };
		0A62BB732938C1FB0092E47D /* Verifier.swift in Sources */ = {isa = PBXBuildFile; fileRef = 0A62BB722938C1FA0092E47D /* Verifier.swift */; };
		0ACACE8A2966D8C800DABDFE /* Utils.swift in Sources */ = {isa = PBXBuildFile; fileRef = 0ACACE892966D8C800DABDFE /* Utils.swift */; };
		8D069F652964466900AB61A9 /* Central.swift in Sources */ = {isa = PBXBuildFile; fileRef = 8D069F642964466900AB61A9 /* Central.swift */; };
		8D069F672964475A00AB61A9 /* CentralManagerDelegate.swift in Sources */ = {isa = PBXBuildFile; fileRef = 8D069F662964475A00AB61A9 /* CentralManagerDelegate.swift */; };
		8D069F69296447D000AB61A9 /* Peripheral.swift in Sources */ = {isa = PBXBuildFile; fileRef = 8D069F68296447D000AB61A9 /* Peripheral.swift */; };
		8D069F6B29644B7C00AB61A9 /* PeripheralExtension.swift in Sources */ = {isa = PBXBuildFile; fileRef = 8D069F6A29644B7C00AB61A9 /* PeripheralExtension.swift */; };
		8D069F6D2964724700AB61A9 /* Characteristics.swift in Sources */ = {isa = PBXBuildFile; fileRef = 8D069F6C2964724700AB61A9 /* Characteristics.swift */; };
		8D069F732967BEC200AB61A9 /* PeripheralDelegate.swift in Sources */ = {isa = PBXBuildFile; fileRef = 8D069F722967BEC200AB61A9 /* PeripheralDelegate.swift */; };
		8D069F752968305B00AB61A9 /* EventEmitter.swift in Sources */ = {isa = PBXBuildFile; fileRef = 8D069F742968305A00AB61A9 /* EventEmitter.swift */; };
		8D179C892954871400017EE5 /* CipherBox.swift in Sources */ = {isa = PBXBuildFile; fileRef = 8D179C882954871400017EE5 /* CipherBox.swift */; };
		8D179C8B2954874C00017EE5 /* CiperBoxImpl.swift in Sources */ = {isa = PBXBuildFile; fileRef = 8D179C8A2954874C00017EE5 /* CiperBoxImpl.swift */; };
		8D179C8D29548AB400017EE5 /* CryptoBox.swift in Sources */ = {isa = PBXBuildFile; fileRef = 8D179C8C29548AB400017EE5 /* CryptoBox.swift */; };
		8D179C8F29548B3A00017EE5 /* CryptoBoxImpl.swift in Sources */ = {isa = PBXBuildFile; fileRef = 8D179C8E29548B3A00017EE5 /* CryptoBoxImpl.swift */; };
		8D179C9129548B9A00017EE5 /* CipherPackage.swift in Sources */ = {isa = PBXBuildFile; fileRef = 8D179C9029548B9A00017EE5 /* CipherPackage.swift */; };
		8D31C3F42956AD8B0073B710 /* KeyGenerator.swift in Sources */ = {isa = PBXBuildFile; fileRef = 8D31C3F32956AD8B0073B710 /* KeyGenerator.swift */; };
		8D31C3F62956AF460073B710 /* CryptoConstants.swift in Sources */ = {isa = PBXBuildFile; fileRef = 8D31C3F52956AF460073B710 /* CryptoConstants.swift */; };
		8D31C3F82956B0B30073B710 /* SecretTranslator.swift in Sources */ = {isa = PBXBuildFile; fileRef = 8D31C3F72956B0B30073B710 /* SecretTranslator.swift */; };
		8D31C3FA2956B10E0073B710 /* SenderTransferOwnershipOfData.swift in Sources */ = {isa = PBXBuildFile; fileRef = 8D31C3F92956B10E0073B710 /* SenderTransferOwnershipOfData.swift */; };
		8D31C3FC2956B20F0073B710 /* WalletCryptoBox.swift in Sources */ = {isa = PBXBuildFile; fileRef = 8D31C3FB2956B20F0073B710 /* WalletCryptoBox.swift */; };
		8D31C3FE2956B2650073B710 /* WalletCryptoBoxBuilder.swift in Sources */ = {isa = PBXBuildFile; fileRef = 8D31C3FD2956B2650073B710 /* WalletCryptoBoxBuilder.swift */; };
		8D31C4022956B3EF0073B710 /* WalletCryptoBoxImpl.swift in Sources */ = {isa = PBXBuildFile; fileRef = 8D31C4012956B3EF0073B710 /* WalletCryptoBoxImpl.swift */; };
		E223F0322977BE090042F919 /* TransferHandler.swift in Sources */ = {isa = PBXBuildFile; fileRef = E223F0312977BE090042F919 /* TransferHandler.swift */; };
		E25800A42976BF8700968EA0 /* chunker.swift in Sources */ = {isa = PBXBuildFile; fileRef = E25800A32976BF8700968EA0 /* chunker.swift */; };
		E2F1AFCB297176C200AC3355 /* BLEConstants.swift in Sources */ = {isa = PBXBuildFile; fileRef = E2F1AFCA297176C200AC3355 /* BLEConstants.swift */; };
		E2F1AFCD2971883500AC3355 /* WalletViewModel.swift in Sources */ = {isa = PBXBuildFile; fileRef = E2F1AFCC2971883500AC3355 /* WalletViewModel.swift */; };
		F4FF95D7245B92E800C19C63 /* Openid4vpBle.swift in Sources */ = {isa = PBXBuildFile; fileRef = F4FF95D6245B92E800C19C63 /* Openid4vpBle.swift */; };
		FDA18F3F2977B69A00290433 /* CRC16.swift in Sources */ = {isa = PBXBuildFile; fileRef = FDA18F3E2977B69A00290433 /* CRC16.swift */; };
		FDD9411E297FAA6B00FBBDD4 /* DataExtension.swift in Sources */ = {isa = PBXBuildFile; fileRef = FDD9411D297FAA6B00FBBDD4 /* DataExtension.swift */; };
		FDD941202980FD2500FBBDD4 /* TransferReport.swift in Sources */ = {isa = PBXBuildFile; fileRef = FDD9411F2980FD2500FBBDD4 /* TransferReport.swift */; };
/* End PBXBuildFile section */

/* Begin PBXCopyFilesBuildPhase section */
		58B511D91A9E6C8500147676 /* CopyFiles */ = {
			isa = PBXCopyFilesBuildPhase;
			buildActionMask = 2147483647;
			dstPath = "include/$(PRODUCT_NAME)";
			dstSubfolderSpec = 16;
			files = (
			);
			runOnlyForDeploymentPostprocessing = 0;
		};
/* End PBXCopyFilesBuildPhase section */

/* Begin PBXFileReference section */
		0A62BB702938C1EC0092E47D /* Wallet.swift */ = {isa = PBXFileReference; lastKnownFileType = sourcecode.swift; path = Wallet.swift; sourceTree = "<group>"; };
		0A62BB722938C1FA0092E47D /* Verifier.swift */ = {isa = PBXFileReference; lastKnownFileType = sourcecode.swift; path = Verifier.swift; sourceTree = "<group>"; };
		0ACACE892966D8C800DABDFE /* Utils.swift */ = {isa = PBXFileReference; lastKnownFileType = sourcecode.swift; path = Utils.swift; sourceTree = "<group>"; };
		134814201AA4EA6300B7C361 /* libOpenid4vpBle.a */ = {isa = PBXFileReference; explicitFileType = archive.ar; includeInIndex = 0; path = libOpenid4vpBle.a; sourceTree = BUILT_PRODUCTS_DIR; };
		8D069F642964466900AB61A9 /* Central.swift */ = {isa = PBXFileReference; lastKnownFileType = sourcecode.swift; path = Central.swift; sourceTree = "<group>"; };
		8D069F662964475A00AB61A9 /* CentralManagerDelegate.swift */ = {isa = PBXFileReference; lastKnownFileType = sourcecode.swift; path = CentralManagerDelegate.swift; sourceTree = "<group>"; };
		8D069F68296447D000AB61A9 /* Peripheral.swift */ = {isa = PBXFileReference; lastKnownFileType = sourcecode.swift; path = Peripheral.swift; sourceTree = "<group>"; };
		8D069F6A29644B7C00AB61A9 /* PeripheralExtension.swift */ = {isa = PBXFileReference; lastKnownFileType = sourcecode.swift; path = PeripheralExtension.swift; sourceTree = "<group>"; };
		8D069F6C2964724700AB61A9 /* Characteristics.swift */ = {isa = PBXFileReference; lastKnownFileType = sourcecode.swift; path = Characteristics.swift; sourceTree = "<group>"; };
		8D069F722967BEC200AB61A9 /* PeripheralDelegate.swift */ = {isa = PBXFileReference; lastKnownFileType = sourcecode.swift; path = PeripheralDelegate.swift; sourceTree = "<group>"; };
		8D069F742968305A00AB61A9 /* EventEmitter.swift */ = {isa = PBXFileReference; lastKnownFileType = sourcecode.swift; path = EventEmitter.swift; sourceTree = "<group>"; };
		8D179C882954871400017EE5 /* CipherBox.swift */ = {isa = PBXFileReference; lastKnownFileType = sourcecode.swift; path = CipherBox.swift; sourceTree = "<group>"; };
		8D179C8A2954874C00017EE5 /* CiperBoxImpl.swift */ = {isa = PBXFileReference; lastKnownFileType = sourcecode.swift; path = CiperBoxImpl.swift; sourceTree = "<group>"; };
		8D179C8C29548AB400017EE5 /* CryptoBox.swift */ = {isa = PBXFileReference; lastKnownFileType = sourcecode.swift; path = CryptoBox.swift; sourceTree = "<group>"; };
		8D179C8E29548B3A00017EE5 /* CryptoBoxImpl.swift */ = {isa = PBXFileReference; lastKnownFileType = sourcecode.swift; path = CryptoBoxImpl.swift; sourceTree = "<group>"; };
		8D179C9029548B9A00017EE5 /* CipherPackage.swift */ = {isa = PBXFileReference; lastKnownFileType = sourcecode.swift; path = CipherPackage.swift; sourceTree = "<group>"; };
		8D31C3F32956AD8B0073B710 /* KeyGenerator.swift */ = {isa = PBXFileReference; lastKnownFileType = sourcecode.swift; path = KeyGenerator.swift; sourceTree = "<group>"; };
		8D31C3F52956AF460073B710 /* CryptoConstants.swift */ = {isa = PBXFileReference; lastKnownFileType = sourcecode.swift; path = CryptoConstants.swift; sourceTree = "<group>"; };
		8D31C3F72956B0B30073B710 /* SecretTranslator.swift */ = {isa = PBXFileReference; lastKnownFileType = sourcecode.swift; path = SecretTranslator.swift; sourceTree = "<group>"; };
		8D31C3F92956B10E0073B710 /* SenderTransferOwnershipOfData.swift */ = {isa = PBXFileReference; lastKnownFileType = sourcecode.swift; path = SenderTransferOwnershipOfData.swift; sourceTree = "<group>"; };
		8D31C3FB2956B20F0073B710 /* WalletCryptoBox.swift */ = {isa = PBXFileReference; lastKnownFileType = sourcecode.swift; path = WalletCryptoBox.swift; sourceTree = "<group>"; };
		8D31C3FD2956B2650073B710 /* WalletCryptoBoxBuilder.swift */ = {isa = PBXFileReference; lastKnownFileType = sourcecode.swift; path = WalletCryptoBoxBuilder.swift; sourceTree = "<group>"; };
		8D31C4012956B3EF0073B710 /* WalletCryptoBoxImpl.swift */ = {isa = PBXFileReference; lastKnownFileType = sourcecode.swift; path = WalletCryptoBoxImpl.swift; sourceTree = "<group>"; };
		B3E7B5891CC2AC0600A0062D /* Openid4vpBle.m */ = {isa = PBXFileReference; fileEncoding = 4; lastKnownFileType = sourcecode.c.objc; path = Openid4vpBle.m; sourceTree = "<group>"; };
		E223F0312977BE090042F919 /* TransferHandler.swift */ = {isa = PBXFileReference; lastKnownFileType = sourcecode.swift; path = TransferHandler.swift; sourceTree = "<group>"; };
		E25800A32976BF8700968EA0 /* chunker.swift */ = {isa = PBXFileReference; lastKnownFileType = sourcecode.swift; path = chunker.swift; sourceTree = "<group>"; };
		E2F1AFCA297176C200AC3355 /* BLEConstants.swift */ = {isa = PBXFileReference; lastKnownFileType = sourcecode.swift; path = BLEConstants.swift; sourceTree = "<group>"; };
		E2F1AFCC2971883500AC3355 /* WalletViewModel.swift */ = {isa = PBXFileReference; lastKnownFileType = sourcecode.swift; path = WalletViewModel.swift; sourceTree = "<group>"; };
		F4FF95D5245B92E700C19C63 /* Openid4vpBle-Bridging-Header.h */ = {isa = PBXFileReference; lastKnownFileType = sourcecode.c.h; path = "Openid4vpBle-Bridging-Header.h"; sourceTree = "<group>"; };
		F4FF95D6245B92E800C19C63 /* Openid4vpBle.swift */ = {isa = PBXFileReference; lastKnownFileType = sourcecode.swift; path = Openid4vpBle.swift; sourceTree = "<group>"; };
		FDA18F3E2977B69A00290433 /* CRC16.swift */ = {isa = PBXFileReference; lastKnownFileType = sourcecode.swift; path = CRC16.swift; sourceTree = "<group>"; };
		FDD9411D297FAA6B00FBBDD4 /* DataExtension.swift */ = {isa = PBXFileReference; lastKnownFileType = sourcecode.swift; path = DataExtension.swift; sourceTree = "<group>"; };
		FDD9411F2980FD2500FBBDD4 /* TransferReport.swift */ = {isa = PBXFileReference; lastKnownFileType = sourcecode.swift; path = TransferReport.swift; sourceTree = "<group>"; };
/* End PBXFileReference section */

/* Begin PBXFrameworksBuildPhase section */
		58B511D81A9E6C8500147676 /* Frameworks */ = {
			isa = PBXFrameworksBuildPhase;
			buildActionMask = 2147483647;
			files = (
			);
			runOnlyForDeploymentPostprocessing = 0;
		};
/* End PBXFrameworksBuildPhase section */

/* Begin PBXGroup section */
		134814211AA4EA7D00B7C361 /* Products */ = {
			isa = PBXGroup;
			children = (
				134814201AA4EA6300B7C361 /* libOpenid4vpBle.a */,
			);
			name = Products;
			sourceTree = "<group>";
		};
		58B511D21A9E6C8500147676 = {
			isa = PBXGroup;
			children = (
				FDA18F3D2977B67C00290433 /* crc */,
				8D069F612964454700AB61A9 /* ble */,
				8D179C82295486B500017EE5 /* crypto */,
				8D069F60296436C400AB61A9 /* Openid4vpBle */,
				8D069F5E2964369000AB61A9 /* Wallet */,
				8D069F5F296436AD00AB61A9 /* Verifier */,
				B3E7B5891CC2AC0600A0062D /* Openid4vpBle.m */,
				F4FF95D5245B92E700C19C63 /* Openid4vpBle-Bridging-Header.h */,
				134814211AA4EA7D00B7C361 /* Products */,
			);
			sourceTree = "<group>";
		};
		8D069F5E2964369000AB61A9 /* Wallet */ = {
			isa = PBXGroup;
			children = (
				0A62BB702938C1EC0092E47D /* Wallet.swift */,
				E2F1AFCC2971883500AC3355 /* WalletViewModel.swift */,
			);
			path = Wallet;
			sourceTree = "<group>";
		};
		8D069F5F296436AD00AB61A9 /* Verifier */ = {
			isa = PBXGroup;
			children = (
				0A62BB722938C1FA0092E47D /* Verifier.swift */,
			);
			path = Verifier;
			sourceTree = "<group>";
		};
		8D069F60296436C400AB61A9 /* Openid4vpBle */ = {
			isa = PBXGroup;
			children = (
				8D069F742968305A00AB61A9 /* EventEmitter.swift */,
				F4FF95D6245B92E800C19C63 /* Openid4vpBle.swift */,
			);
			path = Openid4vpBle;
			sourceTree = "<group>";
		};
		8D069F612964454700AB61A9 /* ble */ = {
			isa = PBXGroup;
			children = (
				E2F1AFC9297176A700AC3355 /* Utility */,
				8D069F632964456C00AB61A9 /* peripheral */,
				8D069F622964456600AB61A9 /* central */,
			);
			path = ble;
			sourceTree = "<group>";
		};
		8D069F622964456600AB61A9 /* central */ = {
			isa = PBXGroup;
			children = (
				8D069F642964466900AB61A9 /* Central.swift */,
				8D069F662964475A00AB61A9 /* CentralManagerDelegate.swift */,
				8D069F722967BEC200AB61A9 /* PeripheralDelegate.swift */,
			);
			path = central;
			sourceTree = "<group>";
		};
		8D069F632964456C00AB61A9 /* peripheral */ = {
			isa = PBXGroup;
			children = (
				8D069F68296447D000AB61A9 /* Peripheral.swift */,
				8D069F6A29644B7C00AB61A9 /* PeripheralExtension.swift */,
				8D069F6C2964724700AB61A9 /* Characteristics.swift */,
				0ACACE892966D8C800DABDFE /* Utils.swift */,
			);
			path = peripheral;
			sourceTree = "<group>";
		};
		8D179C82295486B500017EE5 /* crypto */ = {
			isa = PBXGroup;
			children = (
				8D179C87295486F600017EE5 /* Wallet */,
				8D179C86295486EB00017EE5 /* Utils */,
				8D179C85295486E200017EE5 /* SecretTranslator */,
				8D179C84295486D600017EE5 /* CryptoBox */,
				8D179C83295486C700017EE5 /* CipherBox */,
			);
			path = crypto;
			sourceTree = "<group>";
		};
		8D179C83295486C700017EE5 /* CipherBox */ = {
			isa = PBXGroup;
			children = (
				8D179C882954871400017EE5 /* CipherBox.swift */,
				8D179C8A2954874C00017EE5 /* CiperBoxImpl.swift */,
			);
			path = CipherBox;
			sourceTree = "<group>";
		};
		8D179C84295486D600017EE5 /* CryptoBox */ = {
			isa = PBXGroup;
			children = (
				8D179C8C29548AB400017EE5 /* CryptoBox.swift */,
				8D179C8E29548B3A00017EE5 /* CryptoBoxImpl.swift */,
			);
			path = CryptoBox;
			sourceTree = "<group>";
		};
		8D179C85295486E200017EE5 /* SecretTranslator */ = {
			isa = PBXGroup;
			children = (
				8D31C3F72956B0B30073B710 /* SecretTranslator.swift */,
				8D31C3F92956B10E0073B710 /* SenderTransferOwnershipOfData.swift */,
			);
			path = SecretTranslator;
			sourceTree = "<group>";
		};
		8D179C86295486EB00017EE5 /* Utils */ = {
			isa = PBXGroup;
			children = (
				8D179C9029548B9A00017EE5 /* CipherPackage.swift */,
				8D31C3F32956AD8B0073B710 /* KeyGenerator.swift */,
				8D31C3F52956AF460073B710 /* CryptoConstants.swift */,
			);
			path = Utils;
			sourceTree = "<group>";
		};
		8D179C87295486F600017EE5 /* Wallet */ = {
			isa = PBXGroup;
			children = (
				8D31C3FB2956B20F0073B710 /* WalletCryptoBox.swift */,
				8D31C3FD2956B2650073B710 /* WalletCryptoBoxBuilder.swift */,
				8D31C4012956B3EF0073B710 /* WalletCryptoBoxImpl.swift */,
			);
			path = Wallet;
			sourceTree = "<group>";
		};
		E2F1AFC9297176A700AC3355 /* Utility */ = {
			isa = PBXGroup;
			children = (
				E2F1AFCA297176C200AC3355 /* BLEConstants.swift */,
				E25800A32976BF8700968EA0 /* chunker.swift */,
				E223F0312977BE090042F919 /* TransferHandler.swift */,
				FDD9411D297FAA6B00FBBDD4 /* DataExtension.swift */,
				FDD9411F2980FD2500FBBDD4 /* TransferReport.swift */,
			);
			path = Utility;
			sourceTree = "<group>";
		};
		FDA18F3D2977B67C00290433 /* crc */ = {
			isa = PBXGroup;
			children = (
				FDA18F3E2977B69A00290433 /* CRC16.swift */,
			);
			path = crc;
			sourceTree = "<group>";
		};
/* End PBXGroup section */

/* Begin PBXNativeTarget section */
		58B511DA1A9E6C8500147676 /* Openid4vpBle */ = {
			isa = PBXNativeTarget;
			buildConfigurationList = 58B511EF1A9E6C8500147676 /* Build configuration list for PBXNativeTarget "Openid4vpBle" */;
			buildPhases = (
				58B511D71A9E6C8500147676 /* Sources */,
				58B511D81A9E6C8500147676 /* Frameworks */,
				58B511D91A9E6C8500147676 /* CopyFiles */,
			);
			buildRules = (
			);
			dependencies = (
			);
			name = Openid4vpBle;
			productName = RCTDataManager;
			productReference = 134814201AA4EA6300B7C361 /* libOpenid4vpBle.a */;
			productType = "com.apple.product-type.library.static";
		};
/* End PBXNativeTarget section */

/* Begin PBXProject section */
		58B511D31A9E6C8500147676 /* Project object */ = {
			isa = PBXProject;
			attributes = {
				LastUpgradeCheck = 0920;
				ORGANIZATIONNAME = Facebook;
				TargetAttributes = {
					58B511DA1A9E6C8500147676 = {
						CreatedOnToolsVersion = 6.1.1;
					};
				};
			};
			buildConfigurationList = 58B511D61A9E6C8500147676 /* Build configuration list for PBXProject "Openid4vpBle" */;
			compatibilityVersion = "Xcode 3.2";
			developmentRegion = English;
			hasScannedForEncodings = 0;
			knownRegions = (
				English,
				en,
			);
			mainGroup = 58B511D21A9E6C8500147676;
			productRefGroup = 58B511D21A9E6C8500147676;
			projectDirPath = "";
			projectRoot = "";
			targets = (
				58B511DA1A9E6C8500147676 /* Openid4vpBle */,
			);
		};
/* End PBXProject section */

/* Begin PBXSourcesBuildPhase section */
		58B511D71A9E6C8500147676 /* Sources */ = {
			isa = PBXSourcesBuildPhase;
			buildActionMask = 2147483647;
			files = (
				E223F0322977BE090042F919 /* TransferHandler.swift in Sources */,
				8D069F752968305B00AB61A9 /* EventEmitter.swift in Sources */,
				8D31C3F82956B0B30073B710 /* SecretTranslator.swift in Sources */,
				8D069F69296447D000AB61A9 /* Peripheral.swift in Sources */,
				FDA18F3F2977B69A00290433 /* CRC16.swift in Sources */,
				8D069F652964466900AB61A9 /* Central.swift in Sources */,
				FDD9411E297FAA6B00FBBDD4 /* DataExtension.swift in Sources */,
				8D31C3F42956AD8B0073B710 /* KeyGenerator.swift in Sources */,
				8D069F672964475A00AB61A9 /* CentralManagerDelegate.swift in Sources */,
				8D069F6D2964724700AB61A9 /* Characteristics.swift in Sources */,
				0A62BB712938C1EC0092E47D /* Wallet.swift in Sources */,
				E25800A42976BF8700968EA0 /* chunker.swift in Sources */,
				0A62BB732938C1FB0092E47D /* Verifier.swift in Sources */,
				8D069F6B29644B7C00AB61A9 /* PeripheralExtension.swift in Sources */,
				8D179C8F29548B3A00017EE5 /* CryptoBoxImpl.swift in Sources */,
				8D179C8D29548AB400017EE5 /* CryptoBox.swift in Sources */,
				8D31C4022956B3EF0073B710 /* WalletCryptoBoxImpl.swift in Sources */,
				8D31C3FA2956B10E0073B710 /* SenderTransferOwnershipOfData.swift in Sources */,
				FDD941202980FD2500FBBDD4 /* TransferReport.swift in Sources */,
				8D31C3FE2956B2650073B710 /* WalletCryptoBoxBuilder.swift in Sources */,
				8D069F732967BEC200AB61A9 /* PeripheralDelegate.swift in Sources */,
				8D179C892954871400017EE5 /* CipherBox.swift in Sources */,
				8D31C3F62956AF460073B710 /* CryptoConstants.swift in Sources */,
				8D179C9129548B9A00017EE5 /* CipherPackage.swift in Sources */,
				0ACACE8A2966D8C800DABDFE /* Utils.swift in Sources */,
				F4FF95D7245B92E800C19C63 /* Openid4vpBle.swift in Sources */,
				E2F1AFCB297176C200AC3355 /* BLEConstants.swift in Sources */,
				E2F1AFCD2971883500AC3355 /* WalletViewModel.swift in Sources */,
				8D179C8B2954874C00017EE5 /* CiperBoxImpl.swift in Sources */,
				8D31C3FC2956B20F0073B710 /* WalletCryptoBox.swift in Sources */,
			);
			runOnlyForDeploymentPostprocessing = 0;
		};
/* End PBXSourcesBuildPhase section */

/* Begin XCBuildConfiguration section */
		58B511ED1A9E6C8500147676 /* Debug */ = {
			isa = XCBuildConfiguration;
			buildSettings = {
				ALWAYS_SEARCH_USER_PATHS = NO;
				CLANG_CXX_LANGUAGE_STANDARD = "gnu++0x";
				CLANG_CXX_LIBRARY = "libc++";
				CLANG_ENABLE_MODULES = YES;
				CLANG_ENABLE_OBJC_ARC = YES;
				CLANG_WARN_BLOCK_CAPTURE_AUTORELEASING = YES;
				CLANG_WARN_BOOL_CONVERSION = YES;
				CLANG_WARN_COMMA = YES;
				CLANG_WARN_CONSTANT_CONVERSION = YES;
				CLANG_WARN_DIRECT_OBJC_ISA_USAGE = YES_ERROR;
				CLANG_WARN_EMPTY_BODY = YES;
				CLANG_WARN_ENUM_CONVERSION = YES;
				CLANG_WARN_INFINITE_RECURSION = YES;
				CLANG_WARN_INT_CONVERSION = YES;
				CLANG_WARN_NON_LITERAL_NULL_CONVERSION = YES;
				CLANG_WARN_OBJC_LITERAL_CONVERSION = YES;
				CLANG_WARN_OBJC_ROOT_CLASS = YES_ERROR;
				CLANG_WARN_RANGE_LOOP_ANALYSIS = YES;
				CLANG_WARN_STRICT_PROTOTYPES = YES;
				CLANG_WARN_SUSPICIOUS_MOVE = YES;
				CLANG_WARN_UNREACHABLE_CODE = YES;
				CLANG_WARN__DUPLICATE_METHOD_MATCH = YES;
				COPY_PHASE_STRIP = NO;
				ENABLE_STRICT_OBJC_MSGSEND = YES;
				ENABLE_TESTABILITY = YES;
				"EXCLUDED_ARCHS[sdk=*]" = arm64;
				GCC_C_LANGUAGE_STANDARD = gnu99;
				GCC_DYNAMIC_NO_PIC = NO;
				GCC_NO_COMMON_BLOCKS = YES;
				GCC_OPTIMIZATION_LEVEL = 0;
				GCC_PREPROCESSOR_DEFINITIONS = (
					"DEBUG=1",
					"$(inherited)",
				);
				GCC_SYMBOLS_PRIVATE_EXTERN = NO;
				GCC_WARN_64_TO_32_BIT_CONVERSION = YES;
				GCC_WARN_ABOUT_RETURN_TYPE = YES_ERROR;
				GCC_WARN_UNDECLARED_SELECTOR = YES;
				GCC_WARN_UNINITIALIZED_AUTOS = YES_AGGRESSIVE;
				GCC_WARN_UNUSED_FUNCTION = YES;
				GCC_WARN_UNUSED_VARIABLE = YES;
				"HEADER_SEARCH_PATHS[arch=*]" = "";
				IPHONEOS_DEPLOYMENT_TARGET = 13.0;
				MTL_ENABLE_DEBUG_INFO = YES;
				ONLY_ACTIVE_ARCH = YES;
				SDKROOT = iphoneos;
			};
			name = Debug;
		};
		58B511EE1A9E6C8500147676 /* Release */ = {
			isa = XCBuildConfiguration;
			buildSettings = {
				ALWAYS_SEARCH_USER_PATHS = NO;
				CLANG_CXX_LANGUAGE_STANDARD = "gnu++0x";
				CLANG_CXX_LIBRARY = "libc++";
				CLANG_ENABLE_MODULES = YES;
				CLANG_ENABLE_OBJC_ARC = YES;
				CLANG_WARN_BLOCK_CAPTURE_AUTORELEASING = YES;
				CLANG_WARN_BOOL_CONVERSION = YES;
				CLANG_WARN_COMMA = YES;
				CLANG_WARN_CONSTANT_CONVERSION = YES;
				CLANG_WARN_DIRECT_OBJC_ISA_USAGE = YES_ERROR;
				CLANG_WARN_EMPTY_BODY = YES;
				CLANG_WARN_ENUM_CONVERSION = YES;
				CLANG_WARN_INFINITE_RECURSION = YES;
				CLANG_WARN_INT_CONVERSION = YES;
				CLANG_WARN_NON_LITERAL_NULL_CONVERSION = YES;
				CLANG_WARN_OBJC_LITERAL_CONVERSION = YES;
				CLANG_WARN_OBJC_ROOT_CLASS = YES_ERROR;
				CLANG_WARN_RANGE_LOOP_ANALYSIS = YES;
				CLANG_WARN_STRICT_PROTOTYPES = YES;
				CLANG_WARN_SUSPICIOUS_MOVE = YES;
				CLANG_WARN_UNREACHABLE_CODE = YES;
				CLANG_WARN__DUPLICATE_METHOD_MATCH = YES;
				COPY_PHASE_STRIP = YES;
				ENABLE_NS_ASSERTIONS = NO;
				ENABLE_STRICT_OBJC_MSGSEND = YES;
				"EXCLUDED_ARCHS[sdk=*]" = arm64;
				GCC_C_LANGUAGE_STANDARD = gnu99;
				GCC_NO_COMMON_BLOCKS = YES;
				GCC_WARN_64_TO_32_BIT_CONVERSION = YES;
				GCC_WARN_ABOUT_RETURN_TYPE = YES_ERROR;
				GCC_WARN_UNDECLARED_SELECTOR = YES;
				GCC_WARN_UNINITIALIZED_AUTOS = YES_AGGRESSIVE;
				GCC_WARN_UNUSED_FUNCTION = YES;
				GCC_WARN_UNUSED_VARIABLE = YES;
				"HEADER_SEARCH_PATHS[arch=*]" = "";
				IPHONEOS_DEPLOYMENT_TARGET = 13.0;
				MTL_ENABLE_DEBUG_INFO = NO;
				SDKROOT = iphoneos;
				VALIDATE_PRODUCT = YES;
			};
			name = Release;
		};
		58B511F01A9E6C8500147676 /* Debug */ = {
			isa = XCBuildConfiguration;
			buildSettings = {
				HEADER_SEARCH_PATHS = (
					"$(inherited)",
					/Applications/Xcode.app/Contents/Developer/Toolchains/XcodeDefault.xctoolchain/usr/include,
					"$(SRCROOT)/../../../React/**",
					"$(SRCROOT)/../../react-native/React/**",
				);
				LIBRARY_SEARCH_PATHS = "$(inherited)";
				OTHER_LDFLAGS = "-ObjC";
				PRODUCT_NAME = Openid4vpBle;
				SKIP_INSTALL = YES;
				SWIFT_OBJC_BRIDGING_HEADER = "Openid4vpBle-Bridging-Header.h";
				SWIFT_OPTIMIZATION_LEVEL = "-Onone";
				SWIFT_VERSION = 5.0;
			};
			name = Debug;
		};
		58B511F11A9E6C8500147676 /* Release */ = {
			isa = XCBuildConfiguration;
			buildSettings = {
				HEADER_SEARCH_PATHS = (
					"$(inherited)",
					/Applications/Xcode.app/Contents/Developer/Toolchains/XcodeDefault.xctoolchain/usr/include,
					"$(SRCROOT)/../../../React/**",
					"$(SRCROOT)/../../react-native/React/**",
				);
				LIBRARY_SEARCH_PATHS = "$(inherited)";
				OTHER_LDFLAGS = "-ObjC";
				PRODUCT_NAME = Openid4vpBle;
				SKIP_INSTALL = YES;
				SWIFT_OBJC_BRIDGING_HEADER = "Openid4vpBle-Bridging-Header.h";
				SWIFT_VERSION = 5.0;
			};
			name = Release;
		};
/* End XCBuildConfiguration section */

/* Begin XCConfigurationList section */
		58B511D61A9E6C8500147676 /* Build configuration list for PBXProject "Openid4vpBle" */ = {
			isa = XCConfigurationList;
			buildConfigurations = (
				58B511ED1A9E6C8500147676 /* Debug */,
				58B511EE1A9E6C8500147676 /* Release */,
			);
			defaultConfigurationIsVisible = 0;
			defaultConfigurationName = Release;
		};
		58B511EF1A9E6C8500147676 /* Build configuration list for PBXNativeTarget "Openid4vpBle" */ = {
			isa = XCConfigurationList;
			buildConfigurations = (
				58B511F01A9E6C8500147676 /* Debug */,
				58B511F11A9E6C8500147676 /* Release */,
			);
			defaultConfigurationIsVisible = 0;
			defaultConfigurationName = Release;
		};
/* End XCConfigurationList section */
	};
	rootObject = 58B511D31A9E6C8500147676 /* Project object */;
}
